PODS:
  - Alamofire (3.1.3)
  - KILabel (1.0.0)
  - SDWebImage (3.7.3):
    - SDWebImage/Core (= 3.7.3)
  - SDWebImage/Core (3.7.3)
  - SVProgressHUD (1.1.3)
  - SVPullToRefresh (0.4.1)
  - SwiftyJSON (2.3.1)
  - TTTAttributedLabel (1.13.4)

DEPENDENCIES:
  - Alamofire
  - KILabel (= 1.0.0)
  - SDWebImage
  - SVProgressHUD
  - SVPullToRefresh
  - SwiftyJSON
  - TTTAttributedLabel

SPEC CHECKSUMS:
  Alamofire: 9f93b56389e48def9220dd57d1f44b1927229a5a
  KILabel: 84049969642d4ac1061ebe38ad4c0da37fed108b
  SDWebImage: 1d2b1a1efda1ade1b00b6f8498865f8ddedc8a84
  SVProgressHUD: 748080e4f36e603f6c02aec292664239df5279c1
  SVPullToRefresh: ba2e718695a43253d8bea6852d2960097dc15d8c
  SwiftyJSON: 592b53bee5ef3dd9b3bebc6b9cb7ee35426ae8c3
  TTTAttributedLabel: 0a2ac7b2dd726d32a070dafb01446026b11e624f

COCOAPODS: 0.39.0
