// !$*UTF8*$!
{
	archiveVersion = 1;
	classes = {
	};
	objectVersion = 46;
	objects = {

/* Begin PBXBuildFile section */
		3C01AC401AEFAB4500E0C94B /* AppDelegate.swift in Sources */ = {isa = PBXBuildFile; fileRef = 3C01AC3F1AEFAB4500E0C94B /* AppDelegate.swift */; };
		3C01AC421AEFAB4500E0C94B /* MasterViewController.swift in Sources */ = {isa = PBXBuildFile; fileRef = 3C01AC411AEFAB4500E0C94B /* MasterViewController.swift */; };
		3C01AC441AEFAB4500E0C94B /* DetailViewController.swift in Sources */ = {isa = PBXBuildFile; fileRef = 3C01AC431AEFAB4500E0C94B /* DetailViewController.swift */; };
		3C01AC471AEFAB4500E0C94B /* Main.storyboard in Resources */ = {isa = PBXBuildFile; fileRef = 3C01AC451AEFAB4500E0C94B /* Main.storyboard */; };
		3C01AC491AEFAB4500E0C94B /* Images.xcassets in Resources */ = {isa = PBXBuildFile; fileRef = 3C01AC481AEFAB4500E0C94B /* Images.xcassets */; };
		3C01AC4C1AEFAB4500E0C94B /* LaunchScreen.xib in Resources */ = {isa = PBXBuildFile; fileRef = 3C01AC4A1AEFAB4500E0C94B /* LaunchScreen.xib */; };
		3C01AC581AEFAB4500E0C94B /* NUSWhispersTests.swift in Sources */ = {isa = PBXBuildFile; fileRef = 3C01AC571AEFAB4500E0C94B /* NUSWhispersTests.swift */; };
		3C01AC621AEFBBEE00E0C94B /* WhispersTableViewController.swift in Sources */ = {isa = PBXBuildFile; fileRef = 3C01AC611AEFBBEE00E0C94B /* WhispersTableViewController.swift */; };
		3C01AC641AEFBDC100E0C94B /* WhispersTableViewCell.swift in Sources */ = {isa = PBXBuildFile; fileRef = 3C01AC631AEFBDC100E0C94B /* WhispersTableViewCell.swift */; };
		3C6F67711AF2295300599CA5 /* pac_man_loading.gif in Resources */ = {isa = PBXBuildFile; fileRef = 3C6F67701AF2295300599CA5 /* pac_man_loading.gif */; };
		3C6F67741AF23F2F00599CA5 /* card_logo.png in Resources */ = {isa = PBXBuildFile; fileRef = 3C6F67721AF23F2F00599CA5 /* card_logo.png */; };
		3C6F67751AF23F2F00599CA5 /* pattern.png in Resources */ = {isa = PBXBuildFile; fileRef = 3C6F67731AF23F2F00599CA5 /* pattern.png */; };
		3C8219A81AEFD35400F2A822 /* AppColors.swift in Sources */ = {isa = PBXBuildFile; fileRef = 3C8219A71AEFD35400F2A822 /* AppColors.swift */; };
		3C8219AA1AEFE07600F2A822 /* WhisperRequestManager.swift in Sources */ = {isa = PBXBuildFile; fileRef = 3C8219A91AEFE07600F2A822 /* WhisperRequestManager.swift */; };
		3C8219AC1AEFE1A000F2A822 /* WhisperRequestManagerDelegate.swift in Sources */ = {isa = PBXBuildFile; fileRef = 3C8219AB1AEFE1A000F2A822 /* WhisperRequestManagerDelegate.swift */; };
		3CCD3AC31AEFC0800014479C /* Section.swift in Sources */ = {isa = PBXBuildFile; fileRef = 3CCD3AC21AEFC0800014479C /* Section.swift */; };
		3CCD3AC51AEFC0E80014479C /* Whisper.swift in Sources */ = {isa = PBXBuildFile; fileRef = 3CCD3AC41AEFC0E80014479C /* Whisper.swift */; };
		495E5F1B50FD47F9CDA72808 /* Pods_NUSWhispers.framework in Frameworks */ = {isa = PBXBuildFile; fileRef = 2226C8C649AB02C7132D37E2 /* Pods_NUSWhispers.framework */; settings = {ATTRIBUTES = (Weak, ); }; };
/* End PBXBuildFile section */

/* Begin PBXContainerItemProxy section */
		3C01AC521AEFAB4500E0C94B /* PBXContainerItemProxy */ = {
			isa = PBXContainerItemProxy;
			containerPortal = 3C01AC321AEFAB4500E0C94B /* Project object */;
			proxyType = 1;
			remoteGlobalIDString = 3C01AC391AEFAB4500E0C94B;
			remoteInfo = NUSWhispers;
		};
/* End PBXContainerItemProxy section */

/* Begin PBXFileReference section */
		1DC3537089F5B411CB272EDB /* Pods-NUSWhispers.release.xcconfig */ = {isa = PBXFileReference; includeInIndex = 1; lastKnownFileType = text.xcconfig; name = "Pods-NUSWhispers.release.xcconfig"; path = "Pods/Target Support Files/Pods-NUSWhispers/Pods-NUSWhispers.release.xcconfig"; sourceTree = "<group>"; };
		2226C8C649AB02C7132D37E2 /* Pods_NUSWhispers.framework */ = {isa = PBXFileReference; explicitFileType = wrapper.framework; includeInIndex = 0; path = Pods_NUSWhispers.framework; sourceTree = BUILT_PRODUCTS_DIR; };
		3C01AC3A1AEFAB4500E0C94B /* NUSWhispers.app */ = {isa = PBXFileReference; explicitFileType = wrapper.application; includeInIndex = 0; path = NUSWhispers.app; sourceTree = BUILT_PRODUCTS_DIR; };
		3C01AC3E1AEFAB4500E0C94B /* Info.plist */ = {isa = PBXFileReference; lastKnownFileType = text.plist.xml; path = Info.plist; sourceTree = "<group>"; };
		3C01AC3F1AEFAB4500E0C94B /* AppDelegate.swift */ = {isa = PBXFileReference; lastKnownFileType = sourcecode.swift; path = AppDelegate.swift; sourceTree = "<group>"; };
		3C01AC411AEFAB4500E0C94B /* MasterViewController.swift */ = {isa = PBXFileReference; lastKnownFileType = sourcecode.swift; path = MasterViewController.swift; sourceTree = "<group>"; };
		3C01AC431AEFAB4500E0C94B /* DetailViewController.swift */ = {isa = PBXFileReference; lastKnownFileType = sourcecode.swift; path = DetailViewController.swift; sourceTree = "<group>"; };
		3C01AC461AEFAB4500E0C94B /* Base */ = {isa = PBXFileReference; lastKnownFileType = file.storyboard; name = Base; path = Base.lproj/Main.storyboard; sourceTree = "<group>"; };
		3C01AC481AEFAB4500E0C94B /* Images.xcassets */ = {isa = PBXFileReference; lastKnownFileType = folder.assetcatalog; path = Images.xcassets; sourceTree = "<group>"; };
		3C01AC4B1AEFAB4500E0C94B /* Base */ = {isa = PBXFileReference; lastKnownFileType = file.xib; name = Base; path = Base.lproj/LaunchScreen.xib; sourceTree = "<group>"; };
		3C01AC511AEFAB4500E0C94B /* NUSWhispersTests.xctest */ = {isa = PBXFileReference; explicitFileType = wrapper.cfbundle; includeInIndex = 0; path = NUSWhispersTests.xctest; sourceTree = BUILT_PRODUCTS_DIR; };
		3C01AC561AEFAB4500E0C94B /* Info.plist */ = {isa = PBXFileReference; lastKnownFileType = text.plist.xml; path = Info.plist; sourceTree = "<group>"; };
		3C01AC571AEFAB4500E0C94B /* NUSWhispersTests.swift */ = {isa = PBXFileReference; lastKnownFileType = sourcecode.swift; path = NUSWhispersTests.swift; sourceTree = "<group>"; };
		3C01AC611AEFBBEE00E0C94B /* WhispersTableViewController.swift */ = {isa = PBXFileReference; fileEncoding = 4; lastKnownFileType = sourcecode.swift; path = WhispersTableViewController.swift; sourceTree = "<group>"; };
		3C01AC631AEFBDC100E0C94B /* WhispersTableViewCell.swift */ = {isa = PBXFileReference; fileEncoding = 4; lastKnownFileType = sourcecode.swift; path = WhispersTableViewCell.swift; sourceTree = "<group>"; };
		3C6F67701AF2295300599CA5 /* pac_man_loading.gif */ = {isa = PBXFileReference; lastKnownFileType = image.gif; path = pac_man_loading.gif; sourceTree = "<group>"; };
		3C6F67721AF23F2F00599CA5 /* card_logo.png */ = {isa = PBXFileReference; lastKnownFileType = image.png; path = card_logo.png; sourceTree = "<group>"; };
		3C6F67731AF23F2F00599CA5 /* pattern.png */ = {isa = PBXFileReference; lastKnownFileType = image.png; path = pattern.png; sourceTree = "<group>"; };
		3C8219A71AEFD35400F2A822 /* AppColors.swift */ = {isa = PBXFileReference; fileEncoding = 4; lastKnownFileType = sourcecode.swift; path = AppColors.swift; sourceTree = "<group>"; };
		3C8219A91AEFE07600F2A822 /* WhisperRequestManager.swift */ = {isa = PBXFileReference; fileEncoding = 4; lastKnownFileType = sourcecode.swift; path = WhisperRequestManager.swift; sourceTree = "<group>"; };
		3C8219AB1AEFE1A000F2A822 /* WhisperRequestManagerDelegate.swift */ = {isa = PBXFileReference; fileEncoding = 4; lastKnownFileType = sourcecode.swift; path = WhisperRequestManagerDelegate.swift; sourceTree = "<group>"; };
		3CCD3AC21AEFC0800014479C /* Section.swift */ = {isa = PBXFileReference; fileEncoding = 4; lastKnownFileType = sourcecode.swift; path = Section.swift; sourceTree = "<group>"; };
		3CCD3AC41AEFC0E80014479C /* Whisper.swift */ = {isa = PBXFileReference; fileEncoding = 4; lastKnownFileType = sourcecode.swift; path = Whisper.swift; sourceTree = "<group>"; };
		D7E8A66A2F39F73DD84C1385 /* Pods-NUSWhispers.debug.xcconfig */ = {isa = PBXFileReference; includeInIndex = 1; lastKnownFileType = text.xcconfig; name = "Pods-NUSWhispers.debug.xcconfig"; path = "Pods/Target Support Files/Pods-NUSWhispers/Pods-NUSWhispers.debug.xcconfig"; sourceTree = "<group>"; };
/* End PBXFileReference section */

/* Begin PBXFrameworksBuildPhase section */
		3C01AC371AEFAB4500E0C94B /* Frameworks */ = {
			isa = PBXFrameworksBuildPhase;
			buildActionMask = 2147483647;
			files = (
				495E5F1B50FD47F9CDA72808 /* Pods_NUSWhispers.framework in Frameworks */,
			);
			runOnlyForDeploymentPostprocessing = 0;
		};
		3C01AC4E1AEFAB4500E0C94B /* Frameworks */ = {
			isa = PBXFrameworksBuildPhase;
			buildActionMask = 2147483647;
			files = (
			);
			runOnlyForDeploymentPostprocessing = 0;
		};
/* End PBXFrameworksBuildPhase section */

/* Begin PBXGroup section */
		351F64D8E76979851792F9A4 /* Frameworks */ = {
			isa = PBXGroup;
			children = (
				2226C8C649AB02C7132D37E2 /* Pods_NUSWhispers.framework */,
			);
			name = Frameworks;
			sourceTree = "<group>";
		};
		3C01AC311AEFAB4500E0C94B = {
			isa = PBXGroup;
			children = (
				3C01AC3C1AEFAB4500E0C94B /* NUSWhispers */,
				3C01AC541AEFAB4500E0C94B /* NUSWhispersTests */,
				3C01AC3B1AEFAB4500E0C94B /* Products */,
				D54EC7133133028664AA3E82 /* Pods */,
				351F64D8E76979851792F9A4 /* Frameworks */,
			);
			sourceTree = "<group>";
		};
		3C01AC3B1AEFAB4500E0C94B /* Products */ = {
			isa = PBXGroup;
			children = (
				3C01AC3A1AEFAB4500E0C94B /* NUSWhispers.app */,
				3C01AC511AEFAB4500E0C94B /* NUSWhispersTests.xctest */,
			);
			name = Products;
			sourceTree = "<group>";
		};
		3C01AC3C1AEFAB4500E0C94B /* NUSWhispers */ = {
			isa = PBXGroup;
			children = (
				3C6F676F1AF2294300599CA5 /* assets */,
				3C01AC3F1AEFAB4500E0C94B /* AppDelegate.swift */,
				3C01AC411AEFAB4500E0C94B /* MasterViewController.swift */,
				3C01AC431AEFAB4500E0C94B /* DetailViewController.swift */,
				3C01AC451AEFAB4500E0C94B /* Main.storyboard */,
				3C01AC481AEFAB4500E0C94B /* Images.xcassets */,
				3C01AC4A1AEFAB4500E0C94B /* LaunchScreen.xib */,
				3C01AC3D1AEFAB4500E0C94B /* Supporting Files */,
				3C01AC611AEFBBEE00E0C94B /* WhispersTableViewController.swift */,
				3C01AC631AEFBDC100E0C94B /* WhispersTableViewCell.swift */,
				3CCD3AC21AEFC0800014479C /* Section.swift */,
				3CCD3AC41AEFC0E80014479C /* Whisper.swift */,
				3C8219A71AEFD35400F2A822 /* AppColors.swift */,
				3C8219A91AEFE07600F2A822 /* WhisperRequestManager.swift */,
				3C8219AB1AEFE1A000F2A822 /* WhisperRequestManagerDelegate.swift */,
			);
			path = NUSWhispers;
			sourceTree = "<group>";
		};
		3C01AC3D1AEFAB4500E0C94B /* Supporting Files */ = {
			isa = PBXGroup;
			children = (
				3C01AC3E1AEFAB4500E0C94B /* Info.plist */,
			);
			name = "Supporting Files";
			sourceTree = "<group>";
		};
		3C01AC541AEFAB4500E0C94B /* NUSWhispersTests */ = {
			isa = PBXGroup;
			children = (
				3C01AC571AEFAB4500E0C94B /* NUSWhispersTests.swift */,
				3C01AC551AEFAB4500E0C94B /* Supporting Files */,
			);
			path = NUSWhispersTests;
			sourceTree = "<group>";
		};
		3C01AC551AEFAB4500E0C94B /* Supporting Files */ = {
			isa = PBXGroup;
			children = (
				3C01AC561AEFAB4500E0C94B /* Info.plist */,
			);
			name = "Supporting Files";
			sourceTree = "<group>";
		};
		3C6F676F1AF2294300599CA5 /* assets */ = {
			isa = PBXGroup;
			children = (
				3C6F67721AF23F2F00599CA5 /* card_logo.png */,
				3C6F67731AF23F2F00599CA5 /* pattern.png */,
				3C6F67701AF2295300599CA5 /* pac_man_loading.gif */,
			);
			name = assets;
			sourceTree = "<group>";
		};
		D54EC7133133028664AA3E82 /* Pods */ = {
			isa = PBXGroup;
			children = (
				D7E8A66A2F39F73DD84C1385 /* Pods-NUSWhispers.debug.xcconfig */,
				1DC3537089F5B411CB272EDB /* Pods-NUSWhispers.release.xcconfig */,
			);
			name = Pods;
			sourceTree = "<group>";
		};
/* End PBXGroup section */

/* Begin PBXNativeTarget section */
		3C01AC391AEFAB4500E0C94B /* NUSWhispers */ = {
			isa = PBXNativeTarget;
			buildConfigurationList = 3C01AC5B1AEFAB4500E0C94B /* Build configuration list for PBXNativeTarget "NUSWhispers" */;
			buildPhases = (
				FB69C1A4B6B200298357BFC4 /* Check Pods Manifest.lock */,
				3C01AC361AEFAB4500E0C94B /* Sources */,
				3C01AC371AEFAB4500E0C94B /* Frameworks */,
				3C01AC381AEFAB4500E0C94B /* Resources */,
				ADDE006B92B3DDD43161CCC3 /* Embed Pods Frameworks */,
				D05551A0EA650A5FE7941207 /* Copy Pods Resources */,
			);
			buildRules = (
			);
			dependencies = (
			);
			name = NUSWhispers;
			productName = NUSWhispers;
			productReference = 3C01AC3A1AEFAB4500E0C94B /* NUSWhispers.app */;
			productType = "com.apple.product-type.application";
		};
		3C01AC501AEFAB4500E0C94B /* NUSWhispersTests */ = {
			isa = PBXNativeTarget;
			buildConfigurationList = 3C01AC5E1AEFAB4500E0C94B /* Build configuration list for PBXNativeTarget "NUSWhispersTests" */;
			buildPhases = (
				3C01AC4D1AEFAB4500E0C94B /* Sources */,
				3C01AC4E1AEFAB4500E0C94B /* Frameworks */,
				3C01AC4F1AEFAB4500E0C94B /* Resources */,
			);
			buildRules = (
			);
			dependencies = (
				3C01AC531AEFAB4500E0C94B /* PBXTargetDependency */,
			);
			name = NUSWhispersTests;
			productName = NUSWhispersTests;
			productReference = 3C01AC511AEFAB4500E0C94B /* NUSWhispersTests.xctest */;
			productType = "com.apple.product-type.bundle.unit-test";
		};
/* End PBXNativeTarget section */

/* Begin PBXProject section */
		3C01AC321AEFAB4500E0C94B /* Project object */ = {
			isa = PBXProject;
			attributes = {
				LastUpgradeCheck = 0620;
				ORGANIZATIONNAME = crypt;
				TargetAttributes = {
					3C01AC391AEFAB4500E0C94B = {
						CreatedOnToolsVersion = 6.2;
					};
					3C01AC501AEFAB4500E0C94B = {
						CreatedOnToolsVersion = 6.2;
						TestTargetID = 3C01AC391AEFAB4500E0C94B;
					};
				};
			};
			buildConfigurationList = 3C01AC351AEFAB4500E0C94B /* Build configuration list for PBXProject "NUSWhispers" */;
			compatibilityVersion = "Xcode 3.2";
			developmentRegion = English;
			hasScannedForEncodings = 0;
			knownRegions = (
				en,
				Base,
			);
			mainGroup = 3C01AC311AEFAB4500E0C94B;
			productRefGroup = 3C01AC3B1AEFAB4500E0C94B /* Products */;
			projectDirPath = "";
			projectRoot = "";
			targets = (
				3C01AC391AEFAB4500E0C94B /* NUSWhispers */,
				3C01AC501AEFAB4500E0C94B /* NUSWhispersTests */,
			);
		};
/* End PBXProject section */

/* Begin PBXResourcesBuildPhase section */
		3C01AC381AEFAB4500E0C94B /* Resources */ = {
			isa = PBXResourcesBuildPhase;
			buildActionMask = 2147483647;
			files = (
				3C01AC471AEFAB4500E0C94B /* Main.storyboard in Resources */,
				3C01AC4C1AEFAB4500E0C94B /* LaunchScreen.xib in Resources */,
				3C6F67751AF23F2F00599CA5 /* pattern.png in Resources */,
				3C01AC491AEFAB4500E0C94B /* Images.xcassets in Resources */,
				3C6F67711AF2295300599CA5 /* pac_man_loading.gif in Resources */,
				3C6F67741AF23F2F00599CA5 /* card_logo.png in Resources */,
			);
			runOnlyForDeploymentPostprocessing = 0;
		};
		3C01AC4F1AEFAB4500E0C94B /* Resources */ = {
			isa = PBXResourcesBuildPhase;
			buildActionMask = 2147483647;
			files = (
			);
			runOnlyForDeploymentPostprocessing = 0;
		};
/* End PBXResourcesBuildPhase section */

/* Begin PBXShellScriptBuildPhase section */
		ADDE006B92B3DDD43161CCC3 /* Embed Pods Frameworks */ = {
			isa = PBXShellScriptBuildPhase;
			buildActionMask = 2147483647;
			files = (
			);
			inputPaths = (
			);
			name = "Embed Pods Frameworks";
			outputPaths = (
			);
			runOnlyForDeploymentPostprocessing = 0;
			shellPath = /bin/sh;
			shellScript = "\"${SRCROOT}/Pods/Target Support Files/Pods-NUSWhispers/Pods-NUSWhispers-frameworks.sh\"\n";
			showEnvVarsInLog = 0;
		};
		D05551A0EA650A5FE7941207 /* Copy Pods Resources */ = {
			isa = PBXShellScriptBuildPhase;
			buildActionMask = 2147483647;
			files = (
			);
			inputPaths = (
			);
			name = "Copy Pods Resources";
			outputPaths = (
			);
			runOnlyForDeploymentPostprocessing = 0;
			shellPath = /bin/sh;
			shellScript = "\"${SRCROOT}/Pods/Target Support Files/Pods-NUSWhispers/Pods-NUSWhispers-resources.sh\"\n";
			showEnvVarsInLog = 0;
		};
		FB69C1A4B6B200298357BFC4 /* Check Pods Manifest.lock */ = {
			isa = PBXShellScriptBuildPhase;
			buildActionMask = 2147483647;
			files = (
			);
			inputPaths = (
			);
			name = "Check Pods Manifest.lock";
			outputPaths = (
			);
			runOnlyForDeploymentPostprocessing = 0;
			shellPath = /bin/sh;
			shellScript = "diff \"${PODS_ROOT}/../Podfile.lock\" \"${PODS_ROOT}/Manifest.lock\" > /dev/null\nif [[ $? != 0 ]] ; then\n    cat << EOM\nerror: The sandbox is not in sync with the Podfile.lock. Run 'pod install' or update your CocoaPods installation.\nEOM\n    exit 1\nfi\n";
			showEnvVarsInLog = 0;
		};
/* End PBXShellScriptBuildPhase section */

/* Begin PBXSourcesBuildPhase section */
		3C01AC361AEFAB4500E0C94B /* Sources */ = {
			isa = PBXSourcesBuildPhase;
			buildActionMask = 2147483647;
			files = (
				3C01AC621AEFBBEE00E0C94B /* WhispersTableViewController.swift in Sources */,
				3C8219A81AEFD35400F2A822 /* AppColors.swift in Sources */,
				3C01AC441AEFAB4500E0C94B /* DetailViewController.swift in Sources */,
				3C8219AA1AEFE07600F2A822 /* WhisperRequestManager.swift in Sources */,
				3C01AC421AEFAB4500E0C94B /* MasterViewController.swift in Sources */,
				3CCD3AC51AEFC0E80014479C /* Whisper.swift in Sources */,
				3CCD3AC31AEFC0800014479C /* Section.swift in Sources */,
				3C01AC401AEFAB4500E0C94B /* AppDelegate.swift in Sources */,
				3C01AC641AEFBDC100E0C94B /* WhispersTableViewCell.swift in Sources */,
				3C8219AC1AEFE1A000F2A822 /* WhisperRequestManagerDelegate.swift in Sources */,
			);
			runOnlyForDeploymentPostprocessing = 0;
		};
		3C01AC4D1AEFAB4500E0C94B /* Sources */ = {
			isa = PBXSourcesBuildPhase;
			buildActionMask = 2147483647;
			files = (
				3C01AC581AEFAB4500E0C94B /* NUSWhispersTests.swift in Sources */,
			);
			runOnlyForDeploymentPostprocessing = 0;
		};
/* End PBXSourcesBuildPhase section */

/* Begin PBXTargetDependency section */
		3C01AC531AEFAB4500E0C94B /* PBXTargetDependency */ = {
			isa = PBXTargetDependency;
			target = 3C01AC391AEFAB4500E0C94B /* NUSWhispers */;
			targetProxy = 3C01AC521AEFAB4500E0C94B /* PBXContainerItemProxy */;
		};
/* End PBXTargetDependency section */

/* Begin PBXVariantGroup section */
		3C01AC451AEFAB4500E0C94B /* Main.storyboard */ = {
			isa = PBXVariantGroup;
			children = (
				3C01AC461AEFAB4500E0C94B /* Base */,
			);
			name = Main.storyboard;
			sourceTree = "<group>";
		};
		3C01AC4A1AEFAB4500E0C94B /* LaunchScreen.xib */ = {
			isa = PBXVariantGroup;
			children = (
				3C01AC4B1AEFAB4500E0C94B /* Base */,
			);
			name = LaunchScreen.xib;
			sourceTree = "<group>";
		};
/* End PBXVariantGroup section */

/* Begin XCBuildConfiguration section */
		3C01AC591AEFAB4500E0C94B /* Debug */ = {
			isa = XCBuildConfiguration;
			buildSettings = {
				ALWAYS_SEARCH_USER_PATHS = NO;
				CLANG_CXX_LANGUAGE_STANDARD = "gnu++0x";
				CLANG_CXX_LIBRARY = "libc++";
				CLANG_ENABLE_MODULES = YES;
				CLANG_ENABLE_OBJC_ARC = YES;
				CLANG_WARN_BOOL_CONVERSION = YES;
				CLANG_WARN_CONSTANT_CONVERSION = YES;
				CLANG_WARN_DIRECT_OBJC_ISA_USAGE = YES_ERROR;
				CLANG_WARN_EMPTY_BODY = YES;
				CLANG_WARN_ENUM_CONVERSION = YES;
				CLANG_WARN_INT_CONVERSION = YES;
				CLANG_WARN_OBJC_ROOT_CLASS = YES_ERROR;
				CLANG_WARN_UNREACHABLE_CODE = YES;
				CLANG_WARN__DUPLICATE_METHOD_MATCH = YES;
				"CODE_SIGN_IDENTITY[sdk=iphoneos*]" = "iPhone Developer";
				COPY_PHASE_STRIP = NO;
				ENABLE_STRICT_OBJC_MSGSEND = YES;
				GCC_C_LANGUAGE_STANDARD = gnu99;
				GCC_DYNAMIC_NO_PIC = NO;
				GCC_OPTIMIZATION_LEVEL = 0;
				GCC_PREPROCESSOR_DEFINITIONS = (
					"DEBUG=1",
					"$(inherited)",
				);
				GCC_SYMBOLS_PRIVATE_EXTERN = NO;
				GCC_WARN_64_TO_32_BIT_CONVERSION = YES;
				GCC_WARN_ABOUT_RETURN_TYPE = YES_ERROR;
				GCC_WARN_UNDECLARED_SELECTOR = YES;
				GCC_WARN_UNINITIALIZED_AUTOS = YES_AGGRESSIVE;
				GCC_WARN_UNUSED_FUNCTION = YES;
				GCC_WARN_UNUSED_VARIABLE = YES;
				IPHONEOS_DEPLOYMENT_TARGET = 8.2;
				MTL_ENABLE_DEBUG_INFO = YES;
				ONLY_ACTIVE_ARCH = YES;
				SDKROOT = iphoneos;
				SWIFT_OPTIMIZATION_LEVEL = "-Onone";
				TARGETED_DEVICE_FAMILY = "1,2";
			};
			name = Debug;
		};
		3C01AC5A1AEFAB4500E0C94B /* Release */ = {
			isa = XCBuildConfiguration;
			buildSettings = {
				ALWAYS_SEARCH_USER_PATHS = NO;
				CLANG_CXX_LANGUAGE_STANDARD = "gnu++0x";
				CLANG_CXX_LIBRARY = "libc++";
				CLANG_ENABLE_MODULES = YES;
				CLANG_ENABLE_OBJC_ARC = YES;
				CLANG_WARN_BOOL_CONVERSION = YES;
				CLANG_WARN_CONSTANT_CONVERSION = YES;
				CLANG_WARN_DIRECT_OBJC_ISA_USAGE = YES_ERROR;
				CLANG_WARN_EMPTY_BODY = YES;
				CLANG_WARN_ENUM_CONVERSION = YES;
				CLANG_WARN_INT_CONVERSION = YES;
				CLANG_WARN_OBJC_ROOT_CLASS = YES_ERROR;
				CLANG_WARN_UNREACHABLE_CODE = YES;
				CLANG_WARN__DUPLICATE_METHOD_MATCH = YES;
				"CODE_SIGN_IDENTITY[sdk=iphoneos*]" = "iPhone Developer";
				COPY_PHASE_STRIP = NO;
				ENABLE_NS_ASSERTIONS = NO;
				ENABLE_STRICT_OBJC_MSGSEND = YES;
				GCC_C_LANGUAGE_STANDARD = gnu99;
				GCC_WARN_64_TO_32_BIT_CONVERSION = YES;
				GCC_WARN_ABOUT_RETURN_TYPE = YES_ERROR;
				GCC_WARN_UNDECLARED_SELECTOR = YES;
				GCC_WARN_UNINITIALIZED_AUTOS = YES_AGGRESSIVE;
				GCC_WARN_UNUSED_FUNCTION = YES;
				GCC_WARN_UNUSED_VARIABLE = YES;
				IPHONEOS_DEPLOYMENT_TARGET = 8.2;
				MTL_ENABLE_DEBUG_INFO = NO;
				SDKROOT = iphoneos;
				TARGETED_DEVICE_FAMILY = "1,2";
				VALIDATE_PRODUCT = YES;
			};
			name = Release;
		};
		3C01AC5C1AEFAB4500E0C94B /* Debug */ = {
			isa = XCBuildConfiguration;
			baseConfigurationReference = D7E8A66A2F39F73DD84C1385 /* Pods-NUSWhispers.debug.xcconfig */;
			buildSettings = {
				ASSETCATALOG_COMPILER_APPICON_NAME = AppIcon;
				INFOPLIST_FILE = NUSWhispers/Info.plist;
				IPHONEOS_DEPLOYMENT_TARGET = 8.0;
				LD_RUNPATH_SEARCH_PATHS = "$(inherited) @executable_path/Frameworks";
				PRODUCT_NAME = "$(TARGET_NAME)";
				TARGETED_DEVICE_FAMILY = "1,2";
			};
			name = Debug;
		};
		3C01AC5D1AEFAB4500E0C94B /* Release */ = {
			isa = XCBuildConfiguration;
			baseConfigurationReference = 1DC3537089F5B411CB272EDB /* Pods-NUSWhispers.release.xcconfig */;
			buildSettings = {
				ASSETCATALOG_COMPILER_APPICON_NAME = AppIcon;
				INFOPLIST_FILE = NUSWhispers/Info.plist;
				IPHONEOS_DEPLOYMENT_TARGET = 8.0;
				LD_RUNPATH_SEARCH_PATHS = "$(inherited) @executable_path/Frameworks";
				PRODUCT_NAME = "$(TARGET_NAME)";
				TARGETED_DEVICE_FAMILY = "1,2";
			};
			name = Release;
		};
		3C01AC5F1AEFAB4500E0C94B /* Debug */ = {
			isa = XCBuildConfiguration;
			buildSettings = {
				BUNDLE_LOADER = "$(TEST_HOST)";
				FRAMEWORK_SEARCH_PATHS = (
					"$(SDKROOT)/Developer/Library/Frameworks",
					"$(inherited)",
				);
				GCC_PREPROCESSOR_DEFINITIONS = (
					"DEBUG=1",
					"$(inherited)",
				);
				INFOPLIST_FILE = NUSWhispersTests/Info.plist;
				LD_RUNPATH_SEARCH_PATHS = "$(inherited) @executable_path/Frameworks @loader_path/Frameworks";
				PRODUCT_NAME = "$(TARGET_NAME)";
				TEST_HOST = "$(BUILT_PRODUCTS_DIR)/NUSWhispers.app/NUSWhispers";
			};
			name = Debug;
		};
		3C01AC601AEFAB4500E0C94B /* Release */ = {
			isa = XCBuildConfiguration;
			buildSettings = {
				BUNDLE_LOADER = "$(TEST_HOST)";
				FRAMEWORK_SEARCH_PATHS = (
					"$(SDKROOT)/Developer/Library/Frameworks",
					"$(inherited)",
				);
				INFOPLIST_FILE = NUSWhispersTests/Info.plist;
				LD_RUNPATH_SEARCH_PATHS = "$(inherited) @executable_path/Frameworks @loader_path/Frameworks";
				PRODUCT_NAME = "$(TARGET_NAME)";
				TEST_HOST = "$(BUILT_PRODUCTS_DIR)/NUSWhispers.app/NUSWhispers";
			};
			name = Release;
		};
/* End XCBuildConfiguration section */

/* Begin XCConfigurationList section */
		3C01AC351AEFAB4500E0C94B /* Build configuration list for PBXProject "NUSWhispers" */ = {
			isa = XCConfigurationList;
			buildConfigurations = (
				3C01AC591AEFAB4500E0C94B /* Debug */,
				3C01AC5A1AEFAB4500E0C94B /* Release */,
			);
			defaultConfigurationIsVisible = 0;
			defaultConfigurationName = Release;
		};
		3C01AC5B1AEFAB4500E0C94B /* Build configuration list for PBXNativeTarget "NUSWhispers" */ = {
			isa = XCConfigurationList;
			buildConfigurations = (
				3C01AC5C1AEFAB4500E0C94B /* Debug */,
				3C01AC5D1AEFAB4500E0C94B /* Release */,
			);
			defaultConfigurationIsVisible = 0;
			defaultConfigurationName = Release;
		};
		3C01AC5E1AEFAB4500E0C94B /* Build configuration list for PBXNativeTarget "NUSWhispersTests" */ = {
			isa = XCConfigurationList;
			buildConfigurations = (
				3C01AC5F1AEFAB4500E0C94B /* Debug */,
				3C01AC601AEFAB4500E0C94B /* Release */,
			);
			defaultConfigurationIsVisible = 0;
			defaultConfigurationName = Release;
		};
/* End XCConfigurationList section */
	};
	rootObject = 3C01AC321AEFAB4500E0C94B /* Project object */;
}
